<?xml version="1.0" encoding="utf-8"?>
<Project ToolsVersion="4.0" xmlns="http://schemas.microsoft.com/developer/msbuild/2003">
  <ItemGroup>
    <ClCompile Include="demo/demo.cpp">
      <Filter>demo</Filter>
    </ClCompile>
    <ClCompile Include="includes\sakuga\input.cpp">
      <Filter>includes\sakuga</Filter>
    </ClCompile>
    <ClCompile Include="includes\glad\glad.c">
      <Filter>includes\glad</Filter>
    </ClCompile>
    <ClCompile Include="includes\sakuga\shaders.cpp">
      <Filter>includes\sakuga</Filter>
    </ClCompile>
  </ItemGroup>
  <ItemGroup>
    <ClInclude Include="includes\sakuga\input.h">
      <Filter>includes\sakuga</Filter>
    </ClInclude>
    <ClInclude Include="includes\glad\glad.h">
      <Filter>includes\glad</Filter>
    </ClInclude>
    <ClInclude Include="includes\GLFW\glfw3.h">
      <Filter>includes\glfw</Filter>
    </ClInclude>
    <ClInclude Include="includes\GLFW\glfw3native.h">
      <Filter>includes\glfw</Filter>
    </ClInclude>
    <ClInclude Include="includes\KHR\khrplatform.h">
      <Filter>includes\khr</Filter>
    </ClInclude>
    <ClInclude Include="includes\sakuga\shaders.h">
      <Filter>includes\sakuga</Filter>
    </ClInclude>
  </ItemGroup>
  <ItemGroup>
    <Filter Include="demo">
      <UniqueIdentifier>{9e5628ef-562f-4945-add4-8ca06995c9fb}</UniqueIdentifier>
    </Filter>
    <Filter Include="includes">
      <UniqueIdentifier>{bcb515f0-4893-4f0b-be14-c35010d52e93}</UniqueIdentifier>
    </Filter>
    <Filter Include="libraries">
      <UniqueIdentifier>{946a61b0-a151-43c5-a3c2-93ba8a0116d1}</UniqueIdentifier>
    </Filter>
    <Filter Include="includes\sakuga">
      <UniqueIdentifier>{9196b1e7-77ed-4b64-aa3f-6c43f2ca0ac4}</UniqueIdentifier>
    </Filter>
    <Filter Include="resources">
      <UniqueIdentifier>{21a97f6a-9812-4e13-90e6-ead2033cb695}</UniqueIdentifier>
    </Filter>
    <Filter Include="resources\textures">
      <UniqueIdentifier>{37392b8e-7768-4b71-a2e0-bf72df2fffc6}</UniqueIdentifier>
    </Filter>
    <Filter Include="resources\shaders">
      <UniqueIdentifier>{34e8ba34-4143-43ed-ba66-1d9c7dba0c91}</UniqueIdentifier>
    </Filter>
    <Filter Include="includes\glad">
      <UniqueIdentifier>{abce93b5-7998-4e2f-bc58-1557b9f47d32}</UniqueIdentifier>
    </Filter>
    <Filter Include="includes\glfw">
      <UniqueIdentifier>{cf1fc631-4b80-431d-83ab-8b723ef41429}</UniqueIdentifier>
    </Filter>
    <Filter Include="includes\khr">
      <UniqueIdentifier>{52b2224e-2b46-431c-981b-d17c743c425e}</UniqueIdentifier>
    </Filter>
  </ItemGroup>
  <ItemGroup>
    <Library Include="libraries\glfw3.lib">
      <Filter>libraries</Filter>
    </Library>
  </ItemGroup>
  <ItemGroup>
    <Image Include="resources\textures\nijika.jpg">
      <Filter>resources\textures</Filter>
    </Image>
    <Image Include="resources\textures\dirt.png">
      <Filter>resources\textures</Filter>
    </Image>
    <Image Include="resources\textures\hearts1.jpg">
      <Filter>resources\textures</Filter>
    </Image>
  </ItemGroup>
  <ItemGroup>
    <None Include="resources\shaders\shader.fs.glsl">
      <Filter>resources\shaders</Filter>
    </None>
    <None Include="resources\shaders\shader.vs.glsl">
      <Filter>resources\shaders</Filter>
    </None>
  </ItemGroup>
</Project>